
Microsoft Visual Studio Solution File, Format Version 12.00
# Visual Studio Version 17
VisualStudioVersion = 17.2.32616.157
MinimumVisualStudioVersion = 10.0.40219.1
Project("{FAE04EC0-301F-11D3-BF4B-00C04F79EFBC}") = "GitDemo", "GitDemo\GitDemo.csproj", "{221C8FAF-22ED-47C6-9836-04E9C5EC4F8E}"
EndProject
Project("{FAE04EC0-301F-11D3-BF4B-00C04F79EFBC}") = "GitDemo.Test", "GitDemo.Test\GitDemo.Test.csproj", "{AB7E0D52-FCEB-4631-8992-52ABE422A919}"
EndProject
Global
	GlobalSection(SolutionConfigurationPlatforms) = preSolution
		Debug|Any CPU = Debug|Any CPU
		Release|Any CPU = Release|Any CPU
	EndGlobalSection
	GlobalSection(ProjectConfigurationPlatforms) = postSolution
		{221C8FAF-22ED-47C6-9836-04E9C5EC4F8E}.Debug|Any CPU.ActiveCfg = Debug|Any CPU
		{221C8FAF-22ED-47C6-9836-04E9C5EC4F8E}.Debug|Any CPU.Build.0 = Debug|Any CPU
		{221C8FAF-22ED-47C6-9836-04E9C5EC4F8E}.Release|Any CPU.ActiveCfg = Release|Any CPU
		{221C8FAF-22ED-47C6-9836-04E9C5EC4F8E}.Release|Any CPU.Build.0 = Release|Any CPU
		{AB7E0D52-FCEB-4631-8992-52ABE422A919}.Debug|Any CPU.ActiveCfg = Debug|Any CPU
		{AB7E0D52-FCEB-4631-8992-52ABE422A919}.Debug|Any CPU.Build.0 = Debug|Any CPU
		{AB7E0D52-FCEB-4631-8992-52ABE422A919}.Release|Any CPU.ActiveCfg = Release|Any CPU
		{AB7E0D52-FCEB-4631-8992-52ABE422A919}.Release|Any CPU.Build.0 = Release|Any CPU
	EndGlobalSection
	GlobalSection(SolutionProperties) = preSolution
		HideSolutionNode = FALSE
	EndGlobalSection
	GlobalSection(ExtensibilityGlobals) = postSolution
		SolutionGuid = {E928BE4D-3022-4CA4-BD6B-BC0FF0DC1755}
	EndGlobalSection
EndGlobal
